
Microsoft Visual Studio Solution File, Format Version 12.00
# Visual Studio Version 16
VisualStudioVersion = 16.0.28803.352
MinimumVisualStudioVersion = 10.0.40219.1
Project("{FAE04EC0-301F-11D3-BF4B-00C04F79EFBC}") = "TodoApi", "TodoApi\TodoApi.csproj", "{FC5681E0-B5AF-416E-AAF5-EE32DEF20A1F}"
EndProject
Global
	GlobalSection(SolutionConfigurationPlatforms) = preSolution
		Debug|Any CPU = Debug|Any CPU
		Release|Any CPU = Release|Any CPU
	EndGlobalSection
	GlobalSection(ProjectConfigurationPlatforms) = postSolution
		{FC5681E0-B5AF-416E-AAF5-EE32DEF20A1F}.Debug|Any CPU.ActiveCfg = Debug|Any CPU
		{FC5681E0-B5AF-416E-AAF5-EE32DEF20A1F}.Debug|Any CPU.Build.0 = Debug|Any CPU
		{FC5681E0-B5AF-416E-AAF5-EE32DEF20A1F}.Release|Any CPU.ActiveCfg = Release|Any CPU
		{FC5681E0-B5AF-416E-AAF5-EE32DEF20A1F}.Release|Any CPU.Build.0 = Release|Any CPU
	EndGlobalSection
	GlobalSection(SolutionProperties) = preSolution
		HideSolutionNode = FALSE
	EndGlobalSection
	GlobalSection(ExtensibilityGlobals) = postSolution
		SolutionGuid = {BF5F406C-DFEF-4F2F-960D-E83720153543}
	EndGlobalSection
EndGlobal
